
Microsoft Visual Studio Solution File, Format Version 12.00
# Visual Studio Version 17
VisualStudioVersion = 17.14.36717.8 d17.14
MinimumVisualStudioVersion = 10.0.40219.1
Project("{FAE04EC0-301F-11D3-BF4B-00C04F79EFBC}") = "SMPS.Domain", "SMPS.Domain\SMPS.Domain.csproj", "{E67BF7CB-E290-4FDF-AD64-D371BD39B991}"
EndProject
Project("{FAE04EC0-301F-11D3-BF4B-00C04F79EFBC}") = "SMPS.Application", "SMPS.Application\SMPS.Application.csproj", "{65BC9DFD-D256-4509-9250-786C2F933992}"
EndProject
Project("{FAE04EC0-301F-11D3-BF4B-00C04F79EFBC}") = "SMPS.Infrastructure", "SMPS.Infrastructure\SMPS.Infrastructure.csproj", "{9FDDFAFE-8963-49D9-8809-C56739264D88}"
EndProject
Project("{FAE04EC0-301F-11D3-BF4B-00C04F79EFBC}") = "SMPS.API", "SMPS.API\SMPS.API.csproj", "{77C8EA0D-ABDA-4F56-91B7-5CFFBDFA0D9B}"
EndProject
Global
	GlobalSection(SolutionConfigurationPlatforms) = preSolution
		Debug|Any CPU = Debug|Any CPU
		Release|Any CPU = Release|Any CPU
	EndGlobalSection
	GlobalSection(ProjectConfigurationPlatforms) = postSolution
		{E67BF7CB-E290-4FDF-AD64-D371BD39B991}.Debug|Any CPU.ActiveCfg = Debug|Any CPU
		{E67BF7CB-E290-4FDF-AD64-D371BD39B991}.Debug|Any CPU.Build.0 = Debug|Any CPU
		{E67BF7CB-E290-4FDF-AD64-D371BD39B991}.Release|Any CPU.ActiveCfg = Release|Any CPU
		{E67BF7CB-E290-4FDF-AD64-D371BD39B991}.Release|Any CPU.Build.0 = Release|Any CPU
		{65BC9DFD-D256-4509-9250-786C2F933992}.Debug|Any CPU.ActiveCfg = Debug|Any CPU
		{65BC9DFD-D256-4509-9250-786C2F933992}.Debug|Any CPU.Build.0 = Debug|Any CPU
		{65BC9DFD-D256-4509-9250-786C2F933992}.Release|Any CPU.ActiveCfg = Release|Any CPU
		{65BC9DFD-D256-4509-9250-786C2F933992}.Release|Any CPU.Build.0 = Release|Any CPU
		{9FDDFAFE-8963-49D9-8809-C56739264D88}.Debug|Any CPU.ActiveCfg = Debug|Any CPU
		{9FDDFAFE-8963-49D9-8809-C56739264D88}.Debug|Any CPU.Build.0 = Debug|Any CPU
		{9FDDFAFE-8963-49D9-8809-C56739264D88}.Release|Any CPU.ActiveCfg = Release|Any CPU
		{9FDDFAFE-8963-49D9-8809-C56739264D88}.Release|Any CPU.Build.0 = Release|Any CPU
		{77C8EA0D-ABDA-4F56-91B7-5CFFBDFA0D9B}.Debug|Any CPU.ActiveCfg = Debug|Any CPU
		{77C8EA0D-ABDA-4F56-91B7-5CFFBDFA0D9B}.Debug|Any CPU.Build.0 = Debug|Any CPU
		{77C8EA0D-ABDA-4F56-91B7-5CFFBDFA0D9B}.Release|Any CPU.ActiveCfg = Release|Any CPU
		{77C8EA0D-ABDA-4F56-91B7-5CFFBDFA0D9B}.Release|Any CPU.Build.0 = Release|Any CPU
	EndGlobalSection
	GlobalSection(SolutionProperties) = preSolution
		HideSolutionNode = FALSE
	EndGlobalSection
	GlobalSection(ExtensibilityGlobals) = postSolution
		SolutionGuid = {CC3D3E02-2A20-4C66-8D53-E266B4EAE82B}
	EndGlobalSection
EndGlobal
